
Microsoft Visual Studio Solution File, Format Version 12.00
# Visual Studio Version 17
VisualStudioVersion = 17.0.31903.59
MinimumVisualStudioVersion = 10.0.40219.1
Project("{2150E333-8FDC-42A3-9474-1A3956D46DE8}") = "Solution Items", "Solution Items", "{791EE44B-0F2B-4FD0-B20A-1CF8502BF796}"
	ProjectSection(SolutionItems) = preProject
		.gitignore = .gitignore
		README.md = README.md
	EndProjectSection
EndProject
Project("{2150E333-8FDC-42A3-9474-1A3956D46DE8}") = "01-Async vs. Sync", "01-Async vs. Sync", "{3017944B-F12C-4B91-BCD3-1ACF07B2E7B4}"
	ProjectSection(SolutionItems) = preProject
		01-AsyncVsSync\docker-compose.yml = 01-AsyncVsSync\docker-compose.yml
	EndProjectSection
EndProject
Project("{FAE04EC0-301F-11D3-BF4B-00C04F79EFBC}") = "AsyncVsSync.App", "01-AsyncVsSync\AsyncVsSync.App\AsyncVsSync.App.csproj", "{47E47487-E177-4412-B747-FA32AA44BA01}"
EndProject
Project("{FAE04EC0-301F-11D3-BF4B-00C04F79EFBC}") = "AsyncVsSync.Backend", "01-AsyncVsSync\AsyncVsSync.Backend\AsyncVsSync.Backend.csproj", "{95562BAB-E862-4AAD-9395-A5FDCC554B36}"
EndProject
Global
	GlobalSection(SolutionConfigurationPlatforms) = preSolution
		Debug|Any CPU = Debug|Any CPU
		Release|Any CPU = Release|Any CPU
	EndGlobalSection
	GlobalSection(SolutionProperties) = preSolution
		HideSolutionNode = FALSE
	EndGlobalSection
	GlobalSection(ProjectConfigurationPlatforms) = postSolution
		{47E47487-E177-4412-B747-FA32AA44BA01}.Debug|Any CPU.ActiveCfg = Debug|Any CPU
		{47E47487-E177-4412-B747-FA32AA44BA01}.Debug|Any CPU.Build.0 = Debug|Any CPU
		{47E47487-E177-4412-B747-FA32AA44BA01}.Release|Any CPU.ActiveCfg = Release|Any CPU
		{47E47487-E177-4412-B747-FA32AA44BA01}.Release|Any CPU.Build.0 = Release|Any CPU
		{95562BAB-E862-4AAD-9395-A5FDCC554B36}.Debug|Any CPU.ActiveCfg = Debug|Any CPU
		{95562BAB-E862-4AAD-9395-A5FDCC554B36}.Debug|Any CPU.Build.0 = Debug|Any CPU
		{95562BAB-E862-4AAD-9395-A5FDCC554B36}.Release|Any CPU.ActiveCfg = Release|Any CPU
		{95562BAB-E862-4AAD-9395-A5FDCC554B36}.Release|Any CPU.Build.0 = Release|Any CPU
	EndGlobalSection
	GlobalSection(NestedProjects) = preSolution
		{47E47487-E177-4412-B747-FA32AA44BA01} = {3017944B-F12C-4B91-BCD3-1ACF07B2E7B4}
		{95562BAB-E862-4AAD-9395-A5FDCC554B36} = {3017944B-F12C-4B91-BCD3-1ACF07B2E7B4}
	EndGlobalSection
EndGlobal
